
Microsoft Visual Studio Solution File, Format Version 12.00
# Visual Studio Version 17
VisualStudioVersion = 17.6.33829.357
MinimumVisualStudioVersion = 10.0.40219.1
Project("{FAE04EC0-301F-11D3-BF4B-00C04F79EFBC}") = "Marina", "Marina.csproj", "{521C2093-789B-481E-9291-B93102A44AF0}"
EndProject
Global
	GlobalSection(SolutionConfigurationPlatforms) = preSolution
		Debug|Any CPU = Debug|Any CPU
		Release|Any CPU = Release|Any CPU
	EndGlobalSection
	GlobalSection(ProjectConfigurationPlatforms) = postSolution
		{521C2093-789B-481E-9291-B93102A44AF0}.Debug|Any CPU.ActiveCfg = Debug|Any CPU
		{521C2093-789B-481E-9291-B93102A44AF0}.Debug|Any CPU.Build.0 = Debug|Any CPU
		{521C2093-789B-481E-9291-B93102A44AF0}.Release|Any CPU.ActiveCfg = Release|Any CPU
		{521C2093-789B-481E-9291-B93102A44AF0}.Release|Any CPU.Build.0 = Release|Any CPU
	EndGlobalSection
	GlobalSection(SolutionProperties) = preSolution
		HideSolutionNode = FALSE
	EndGlobalSection
	GlobalSection(ExtensibilityGlobals) = postSolution
		SolutionGuid = {28B8E87E-F08F-42D2-82C7-6BDBD90BA600}
	EndGlobalSection
EndGlobal
